
Microsoft Visual Studio Solution File, Format Version 12.00
# Visual Studio Version 17
VisualStudioVersion = 17.3.32825.248
MinimumVisualStudioVersion = 10.0.40219.1
Project("{FAE04EC0-301F-11D3-BF4B-00C04F79EFBC}") = "Calc_v.2", "Calc_v.2.csproj", "{4DF6B1FC-6860-4800-BC51-341EA0253F40}"
EndProject
Global
	GlobalSection(SolutionConfigurationPlatforms) = preSolution
		Debug|Any CPU = Debug|Any CPU
		Release|Any CPU = Release|Any CPU
	EndGlobalSection
	GlobalSection(ProjectConfigurationPlatforms) = postSolution
		{4DF6B1FC-6860-4800-BC51-341EA0253F40}.Debug|Any CPU.ActiveCfg = Debug|Any CPU
		{4DF6B1FC-6860-4800-BC51-341EA0253F40}.Debug|Any CPU.Build.0 = Debug|Any CPU
		{4DF6B1FC-6860-4800-BC51-341EA0253F40}.Release|Any CPU.ActiveCfg = Release|Any CPU
		{4DF6B1FC-6860-4800-BC51-341EA0253F40}.Release|Any CPU.Build.0 = Release|Any CPU
	EndGlobalSection
	GlobalSection(SolutionProperties) = preSolution
		HideSolutionNode = FALSE
	EndGlobalSection
	GlobalSection(ExtensibilityGlobals) = postSolution
		SolutionGuid = {E8A58FC2-D18A-4275-8263-4D81AAA6EFE6}
	EndGlobalSection
EndGlobal
